
Microsoft Visual Studio Solution File, Format Version 12.00
# Visual Studio Version 17
VisualStudioVersion = 17.13.36105.23 d17.13
MinimumVisualStudioVersion = 10.0.40219.1
Project("{FAE04EC0-301F-11D3-BF4B-00C04F79EFBC}") = "WebApplicationWithXUnit", "WebApplicationWithXUnit\WebApplicationWithXUnit.csproj", "{0EEC66FC-04C4-4C08-8788-D687700CF1C2}"
EndProject
Project("{FAE04EC0-301F-11D3-BF4B-00C04F79EFBC}") = "WebApplicationWithXUnit.Tests", "WebApplicationWithXUnit.Tests\WebApplicationWithXUnit.Tests.csproj", "{E1E6743F-8EC7-486D-9E38-8E1C12FAB3F3}"
EndProject
Global
	GlobalSection(SolutionConfigurationPlatforms) = preSolution
		Debug|Any CPU = Debug|Any CPU
		Release|Any CPU = Release|Any CPU
	EndGlobalSection
	GlobalSection(ProjectConfigurationPlatforms) = postSolution
		{0EEC66FC-04C4-4C08-8788-D687700CF1C2}.Debug|Any CPU.ActiveCfg = Debug|Any CPU
		{0EEC66FC-04C4-4C08-8788-D687700CF1C2}.Debug|Any CPU.Build.0 = Debug|Any CPU
		{0EEC66FC-04C4-4C08-8788-D687700CF1C2}.Release|Any CPU.ActiveCfg = Release|Any CPU
		{0EEC66FC-04C4-4C08-8788-D687700CF1C2}.Release|Any CPU.Build.0 = Release|Any CPU
		{E1E6743F-8EC7-486D-9E38-8E1C12FAB3F3}.Debug|Any CPU.ActiveCfg = Debug|Any CPU
		{E1E6743F-8EC7-486D-9E38-8E1C12FAB3F3}.Debug|Any CPU.Build.0 = Debug|Any CPU
		{E1E6743F-8EC7-486D-9E38-8E1C12FAB3F3}.Release|Any CPU.ActiveCfg = Release|Any CPU
		{E1E6743F-8EC7-486D-9E38-8E1C12FAB3F3}.Release|Any CPU.Build.0 = Release|Any CPU
	EndGlobalSection
	GlobalSection(SolutionProperties) = preSolution
		HideSolutionNode = FALSE
	EndGlobalSection
	GlobalSection(ExtensibilityGlobals) = postSolution
		SolutionGuid = {892D68E9-5FF7-429B-8555-72E1FFE983BC}
	EndGlobalSection
EndGlobal
